
Microsoft Visual Studio Solution File, Format Version 12.00
# Visual Studio Version 16
VisualStudioVersion = 16.0.31702.278
MinimumVisualStudioVersion = 10.0.40219.1
Project("{8BC9CEB8-8B4A-11D0-8D11-00A0C91BC942}") = "Cpp", "Cpp\Cpp.vcxproj", "{E5CE1130-4554-40FB-8EFB-8BB560B676DF}"
EndProject
Project("{FAE04EC0-301F-11D3-BF4B-00C04F79EFBC}") = "Cs", "Cs\Cs.csproj", "{5B767701-8071-4AB7-99C7-33925EC2F91D}"
EndProject
Global
	GlobalSection(SolutionConfigurationPlatforms) = preSolution
		Debug|Any CPU = Debug|Any CPU
		Debug|x64 = Debug|x64
		Debug|x86 = Debug|x86
		Release|Any CPU = Release|Any CPU
		Release|x64 = Release|x64
		Release|x86 = Release|x86
	EndGlobalSection
	GlobalSection(ProjectConfigurationPlatforms) = postSolution
		{E5CE1130-4554-40FB-8EFB-8BB560B676DF}.Debug|Any CPU.ActiveCfg = Debug|Win32
		{E5CE1130-4554-40FB-8EFB-8BB560B676DF}.Debug|x64.ActiveCfg = Debug|x64
		{E5CE1130-4554-40FB-8EFB-8BB560B676DF}.Debug|x64.Build.0 = Debug|x64
		{E5CE1130-4554-40FB-8EFB-8BB560B676DF}.Debug|x86.ActiveCfg = Debug|Win32
		{E5CE1130-4554-40FB-8EFB-8BB560B676DF}.Debug|x86.Build.0 = Debug|Win32
		{E5CE1130-4554-40FB-8EFB-8BB560B676DF}.Release|Any CPU.ActiveCfg = Release|Win32
		{E5CE1130-4554-40FB-8EFB-8BB560B676DF}.Release|x64.ActiveCfg = Release|x64
		{E5CE1130-4554-40FB-8EFB-8BB560B676DF}.Release|x64.Build.0 = Release|x64
		{E5CE1130-4554-40FB-8EFB-8BB560B676DF}.Release|x86.ActiveCfg = Release|Win32
		{E5CE1130-4554-40FB-8EFB-8BB560B676DF}.Release|x86.Build.0 = Release|Win32
		{5B767701-8071-4AB7-99C7-33925EC2F91D}.Debug|Any CPU.ActiveCfg = Debug|Any CPU
		{5B767701-8071-4AB7-99C7-33925EC2F91D}.Debug|Any CPU.Build.0 = Debug|Any CPU
		{5B767701-8071-4AB7-99C7-33925EC2F91D}.Debug|x64.ActiveCfg = Debug|Any CPU
		{5B767701-8071-4AB7-99C7-33925EC2F91D}.Debug|x64.Build.0 = Debug|Any CPU
		{5B767701-8071-4AB7-99C7-33925EC2F91D}.Debug|x86.ActiveCfg = Debug|Any CPU
		{5B767701-8071-4AB7-99C7-33925EC2F91D}.Debug|x86.Build.0 = Debug|Any CPU
		{5B767701-8071-4AB7-99C7-33925EC2F91D}.Release|Any CPU.ActiveCfg = Release|Any CPU
		{5B767701-8071-4AB7-99C7-33925EC2F91D}.Release|Any CPU.Build.0 = Release|Any CPU
		{5B767701-8071-4AB7-99C7-33925EC2F91D}.Release|x64.ActiveCfg = Release|Any CPU
		{5B767701-8071-4AB7-99C7-33925EC2F91D}.Release|x64.Build.0 = Release|Any CPU
		{5B767701-8071-4AB7-99C7-33925EC2F91D}.Release|x86.ActiveCfg = Release|Any CPU
		{5B767701-8071-4AB7-99C7-33925EC2F91D}.Release|x86.Build.0 = Release|Any CPU
	EndGlobalSection
	GlobalSection(SolutionProperties) = preSolution
		HideSolutionNode = FALSE
	EndGlobalSection
	GlobalSection(ExtensibilityGlobals) = postSolution
		SolutionGuid = {DB1C803E-32B0-4829-AECC-D796A69D94A3}
	EndGlobalSection
EndGlobal
