<?xml version="1.0" encoding="utf-8"?>
<Project ToolsVersion="4.0" xmlns="http://schemas.microsoft.com/developer/msbuild/2003">
  <ItemGroup>
    <Filter Include="资源文件">
      <UniqueIdentifier>{67DA6AB6-F800-4c08-8B7A-83BB121AAD01}</UniqueIdentifier>
      <Extensions>rc;ico;cur;bmp;dlg;rc2;rct;bin;rgs;gif;jpg;jpeg;jpe;resx;tiff;tif;png;wav;mfcribbon-ms</Extensions>
    </Filter>
    <Filter Include="src">
      <UniqueIdentifier>{67ef2f7e-926e-4a55-b8a6-b7349889f3b6}</UniqueIdentifier>
    </Filter>
    <Filter Include="includes">
      <UniqueIdentifier>{fcbfb662-8770-4d37-bf8d-7233af726766}</UniqueIdentifier>
    </Filter>
    <Filter Include="includes\Enums">
      <UniqueIdentifier>{b094bd43-01b1-47b7-8253-7ac59e377f8e}</UniqueIdentifier>
    </Filter>
  </ItemGroup>
  <ItemGroup>
    <ClInclude Include="src\includes\Opponent.h">
      <Filter>includes</Filter>
    </ClInclude>
    <ClInclude Include="src\includes\Meld.h">
      <Filter>includes</Filter>
    </ClInclude>
    <ClInclude Include="src\includes\Block.h">
      <Filter>includes</Filter>
    </ClInclude>
    <ClInclude Include="src\includes\Tile.h">
      <Filter>includes</Filter>
    </ClInclude>
    <ClInclude Include="src\includes\Group.h">
      <Filter>includes</Filter>
    </ClInclude>
    <ClInclude Include="src\includes\MeldType.h">
      <Filter>includes\Enums</Filter>
    </ClInclude>
    <ClInclude Include="src\includes\Wind.h">
      <Filter>includes\Enums</Filter>
    </ClInclude>
    <ClInclude Include="src\includes\OpponentHelper.h">
      <Filter>includes</Filter>
    </ClInclude>
  </ItemGroup>
  <ItemGroup>
    <ClCompile Include="src\main.cpp">
      <Filter>src</Filter>
    </ClCompile>
  </ItemGroup>
</Project>